# This is a Gradle generated file for dependency locking.
# Manual edits can break the build and are not advised.
# This file is expected to be part of source control.
io.cucumber:ci-environment:9.2.0=testCompileClasspath,testRuntimeClasspath
io.cucumber:cucumber-core:7.14.0=testCompileClasspath,testRuntimeClasspath
io.cucumber:cucumber-expressions:16.1.2=testCompileClasspath,testRuntimeClasspath
io.cucumber:cucumber-gherkin-messages:7.14.0=testCompileClasspath,testRuntimeClasspath
io.cucumber:cucumber-gherkin:7.14.0=testCompileClasspath,testRuntimeClasspath
io.cucumber:cucumber-java:7.14.0=testCompileClasspath,testRuntimeClasspath
io.cucumber:cucumber-junit-platform-engine:7.14.0=testCompileClasspath,testRuntimeClasspath
io.cucumber:cucumber-picocontainer:7.14.0=testCompileClasspath,testRuntimeClasspath
io.cucumber:cucumber-plugin:7.14.0=testCompileClasspath,testRuntimeClasspath
io.cucumber:datatable:7.14.0=testCompileClasspath,testRuntimeClasspath
io.cucumber:docstring:7.14.0=testCompileClasspath,testRuntimeClasspath
io.cucumber:gherkin:26.2.0=testCompileClasspath,testRuntimeClasspath
io.cucumber:html-formatter:20.4.0=testCompileClasspath,testRuntimeClasspath
io.cucumber:junit-xml-formatter:0.2.0=testCompileClasspath,testRuntimeClasspath
io.cucumber:messages:22.0.0=testCompileClasspath,testRuntimeClasspath
io.cucumber:tag-expressions:5.0.6=testCompileClasspath,testRuntimeClasspath
org.apiguardian:apiguardian-api:1.1.2=testCompileClasspath,testRuntimeClasspath
org.junit.jupiter:junit-jupiter-api:5.10.0=testCompileClasspath,testRuntimeClasspath
org.junit.platform:junit-platform-commons:1.10.0=testCompileClasspath,testRuntimeClasspath
org.junit.platform:junit-platform-engine:1.10.0=testCompileClasspath,testRuntimeClasspath
org.junit.platform:junit-platform-launcher:1.10.0=testRuntimeClasspath
org.junit.platform:junit-platform-suite-api:1.10.0=testCompileClasspath,testRuntimeClasspath
org.junit.platform:junit-platform-suite-commons:1.10.0=testRuntimeClasspath
org.junit.platform:junit-platform-suite-engine:1.10.0=testRuntimeClasspath
org.junit.platform:junit-platform-suite:1.10.0=testCompileClasspath,testRuntimeClasspath
org.junit:junit-bom:5.10.0=testCompileClasspath,testRuntimeClasspath
org.opentest4j:opentest4j:1.3.0=testCompileClasspath,testRuntimeClasspath
org.picocontainer:picocontainer:2.15=testCompileClasspath,testRuntimeClasspath
empty=annotationProcessor,compileClasspath,runtimeClasspath,testAnnotationProcessor
