# This is a Gradle generated file for dependency locking.
# Manual edits can break the build and are not advised.
# This file is expected to be part of source control.
io.cucumber:ci-environment:10.0.1=testCompileClasspath,testRuntimeClasspath
io.cucumber:cucumber-core:7.30.0=testCompileClasspath,testRuntimeClasspath
io.cucumber:cucumber-expressions:18.0.1=testCompileClasspath,testRuntimeClasspath
io.cucumber:cucumber-gherkin-messages:7.30.0=testCompileClasspath,testRuntimeClasspath
io.cucumber:cucumber-gherkin:7.30.0=testCompileClasspath,testRuntimeClasspath
io.cucumber:cucumber-java:7.30.0=testCompileClasspath,testRuntimeClasspath
io.cucumber:cucumber-json-formatter:0.2.1=testCompileClasspath,testRuntimeClasspath
io.cucumber:cucumber-junit-platform-engine:7.30.0=testCompileClasspath,testRuntimeClasspath
io.cucumber:cucumber-picocontainer:7.30.0=testCompileClasspath,testRuntimeClasspath
io.cucumber:cucumber-plugin:7.30.0=testCompileClasspath,testRuntimeClasspath
io.cucumber:datatable:7.30.0=testCompileClasspath,testRuntimeClasspath
io.cucumber:docstring:7.30.0=testCompileClasspath,testRuntimeClasspath
io.cucumber:gherkin:35.1.0=testCompileClasspath,testRuntimeClasspath
io.cucumber:html-formatter:21.15.1=testCompileClasspath,testRuntimeClasspath
io.cucumber:junit-xml-formatter:0.9.0=testCompileClasspath,testRuntimeClasspath
io.cucumber:messages:29.0.1=testCompileClasspath,testRuntimeClasspath
io.cucumber:pretty-formatter:2.3.0=testCompileClasspath,testRuntimeClasspath
io.cucumber:query:14.5.0=testCompileClasspath,testRuntimeClasspath
io.cucumber:tag-expressions:6.1.2=testCompileClasspath,testRuntimeClasspath
io.cucumber:teamcity-formatter:0.1.1=testCompileClasspath,testRuntimeClasspath
io.cucumber:testng-xml-formatter:0.6.0=testCompileClasspath,testRuntimeClasspath
net.bytebuddy:byte-buddy:1.17.7=testCompileClasspath,testRuntimeClasspath
org.apiguardian:apiguardian-api:1.1.2=testCompileClasspath,testRuntimeClasspath
org.assertj:assertj-core:3.27.5=testCompileClasspath,testRuntimeClasspath
org.jspecify:jspecify:1.0.0=testCompileClasspath
org.junit.jupiter:junit-jupiter-api:6.0.0=testCompileClasspath,testRuntimeClasspath
org.junit.platform:junit-platform-commons:6.0.0=testCompileClasspath,testRuntimeClasspath
org.junit.platform:junit-platform-engine:6.0.0=testCompileClasspath,testRuntimeClasspath
org.junit.platform:junit-platform-launcher:6.0.0=testRuntimeClasspath
org.junit.platform:junit-platform-suite-api:6.0.0=testCompileClasspath,testRuntimeClasspath
org.junit.platform:junit-platform-suite-engine:6.0.0=testRuntimeClasspath
org.junit.platform:junit-platform-suite:6.0.0=testCompileClasspath,testRuntimeClasspath
org.junit:junit-bom:6.0.0=testCompileClasspath,testRuntimeClasspath
org.opentest4j:opentest4j:1.3.0=testCompileClasspath,testRuntimeClasspath
org.picocontainer:picocontainer:2.15.2=testCompileClasspath,testRuntimeClasspath
empty=annotationProcessor,compileClasspath,runtimeClasspath,testAnnotationProcessor
